Microsoft Visual Studio Solution File, Format Version 12.00
# Visual Studio Version 17
VisualStudioVersion = 17.5.2.0
MinimumVisualStudioVersion = 10.0.40219.1
Project("{FAE04EC0-301F-11D3-BF4B-00C04F79EFBC}") = "ConvUserInputToInt", "ConvUserInputToInt.csproj", "{A23F2AB7-E958-72E6-CB43-80143C2872BC}"
EndProject
Global
	GlobalSection(SolutionConfigurationPlatforms) = preSolution
		Debug|Any CPU = Debug|Any CPU
		Release|Any CPU = Release|Any CPU
	EndGlobalSection
	GlobalSection(ProjectConfigurationPlatforms) = postSolution
		{A23F2AB7-E958-72E6-CB43-80143C2872BC}.Debug|Any CPU.ActiveCfg = Debug|Any CPU
		{A23F2AB7-E958-72E6-CB43-80143C2872BC}.Debug|Any CPU.Build.0 = Debug|Any CPU
		{A23F2AB7-E958-72E6-CB43-80143C2872BC}.Release|Any CPU.ActiveCfg = Release|Any CPU
		{A23F2AB7-E958-72E6-CB43-80143C2872BC}.Release|Any CPU.Build.0 = Release|Any CPU
	EndGlobalSection
	GlobalSection(SolutionProperties) = preSolution
		HideSolutionNode = FALSE
	EndGlobalSection
	GlobalSection(ExtensibilityGlobals) = postSolution
		SolutionGuid = {EF6363F3-4780-45C0-9830-C9DD06680297}
	EndGlobalSection
EndGlobal
